
Microsoft Visual Studio Solution File, Format Version 12.00
# Visual Studio Version 17
VisualStudioVersion = 17.13.35825.156 d17.13
MinimumVisualStudioVersion = 10.0.40219.1
Project("{FAE04EC0-301F-11D3-BF4B-00C04F79EFBC}") = "TugasBiodata", "TugasBiodata\TugasBiodata.csproj", "{A9F74103-C715-44CC-8144-D31E898D84D5}"
EndProject
Global
	GlobalSection(SolutionConfigurationPlatforms) = preSolution
		Debug|Any CPU = Debug|Any CPU
		Release|Any CPU = Release|Any CPU
	EndGlobalSection
	GlobalSection(ProjectConfigurationPlatforms) = postSolution
		{A9F74103-C715-44CC-8144-D31E898D84D5}.Debug|Any CPU.ActiveCfg = Debug|Any CPU
		{A9F74103-C715-44CC-8144-D31E898D84D5}.Debug|Any CPU.Build.0 = Debug|Any CPU
		{A9F74103-C715-44CC-8144-D31E898D84D5}.Release|Any CPU.ActiveCfg = Release|Any CPU
		{A9F74103-C715-44CC-8144-D31E898D84D5}.Release|Any CPU.Build.0 = Release|Any CPU
	EndGlobalSection
	GlobalSection(SolutionProperties) = preSolution
		HideSolutionNode = FALSE
	EndGlobalSection
	GlobalSection(ExtensibilityGlobals) = postSolution
		SolutionGuid = {0296B2BA-E5F7-4F2B-AE61-6D4C3F4A1A15}
	EndGlobalSection
EndGlobal
